
Microsoft Visual Studio Solution File, Format Version 12.00
# Visual Studio Version 16
VisualStudioVersion = 16.0.30114.105
MinimumVisualStudioVersion = 10.0.40219.1
Project("{FAE04EC0-301F-11D3-BF4B-00C04F79EFBC}") = "API", "API\API.csproj", "{47304E14-159F-4C31-9905-15C954139888}"
EndProject
Project("{FAE04EC0-301F-11D3-BF4B-00C04F79EFBC}") = "Application", "Application\Application.csproj", "{CC3CDFBA-09DD-4F98-8BC4-FBE007B23CE1}"
EndProject
Project("{FAE04EC0-301F-11D3-BF4B-00C04F79EFBC}") = "Domain", "Domain\Domain.csproj", "{194930DF-FF94-4F91-8387-E8CD126EF229}"
EndProject
Project("{FAE04EC0-301F-11D3-BF4B-00C04F79EFBC}") = "Persistence", "Persistence\Persistence.csproj", "{90715435-E6BA-4FF9-A2E7-CD120D998A85}"
EndProject
Global
	GlobalSection(SolutionConfigurationPlatforms) = preSolution
		Debug|Any CPU = Debug|Any CPU
		Debug|x64 = Debug|x64
		Debug|x86 = Debug|x86
		Release|Any CPU = Release|Any CPU
		Release|x64 = Release|x64
		Release|x86 = Release|x86
	EndGlobalSection
	GlobalSection(SolutionProperties) = preSolution
		HideSolutionNode = FALSE
	EndGlobalSection
	GlobalSection(ProjectConfigurationPlatforms) = postSolution
		{47304E14-159F-4C31-9905-15C954139888}.Debug|Any CPU.ActiveCfg = Debug|Any CPU
		{47304E14-159F-4C31-9905-15C954139888}.Debug|Any CPU.Build.0 = Debug|Any CPU
		{47304E14-159F-4C31-9905-15C954139888}.Debug|x64.ActiveCfg = Debug|Any CPU
		{47304E14-159F-4C31-9905-15C954139888}.Debug|x64.Build.0 = Debug|Any CPU
		{47304E14-159F-4C31-9905-15C954139888}.Debug|x86.ActiveCfg = Debug|Any CPU
		{47304E14-159F-4C31-9905-15C954139888}.Debug|x86.Build.0 = Debug|Any CPU
		{47304E14-159F-4C31-9905-15C954139888}.Release|Any CPU.ActiveCfg = Release|Any CPU
		{47304E14-159F-4C31-9905-15C954139888}.Release|Any CPU.Build.0 = Release|Any CPU
		{47304E14-159F-4C31-9905-15C954139888}.Release|x64.ActiveCfg = Release|Any CPU
		{47304E14-159F-4C31-9905-15C954139888}.Release|x64.Build.0 = Release|Any CPU
		{47304E14-159F-4C31-9905-15C954139888}.Release|x86.ActiveCfg = Release|Any CPU
		{47304E14-159F-4C31-9905-15C954139888}.Release|x86.Build.0 = Release|Any CPU
		{CC3CDFBA-09DD-4F98-8BC4-FBE007B23CE1}.Debug|Any CPU.ActiveCfg = Debug|Any CPU
		{CC3CDFBA-09DD-4F98-8BC4-FBE007B23CE1}.Debug|Any CPU.Build.0 = Debug|Any CPU
		{CC3CDFBA-09DD-4F98-8BC4-FBE007B23CE1}.Debug|x64.ActiveCfg = Debug|Any CPU
		{CC3CDFBA-09DD-4F98-8BC4-FBE007B23CE1}.Debug|x64.Build.0 = Debug|Any CPU
		{CC3CDFBA-09DD-4F98-8BC4-FBE007B23CE1}.Debug|x86.ActiveCfg = Debug|Any CPU
		{CC3CDFBA-09DD-4F98-8BC4-FBE007B23CE1}.Debug|x86.Build.0 = Debug|Any CPU
		{CC3CDFBA-09DD-4F98-8BC4-FBE007B23CE1}.Release|Any CPU.ActiveCfg = Release|Any CPU
		{CC3CDFBA-09DD-4F98-8BC4-FBE007B23CE1}.Release|Any CPU.Build.0 = Release|Any CPU
		{CC3CDFBA-09DD-4F98-8BC4-FBE007B23CE1}.Release|x64.ActiveCfg = Release|Any CPU
		{CC3CDFBA-09DD-4F98-8BC4-FBE007B23CE1}.Release|x64.Build.0 = Release|Any CPU
		{CC3CDFBA-09DD-4F98-8BC4-FBE007B23CE1}.Release|x86.ActiveCfg = Release|Any CPU
		{CC3CDFBA-09DD-4F98-8BC4-FBE007B23CE1}.Release|x86.Build.0 = Release|Any CPU
		{194930DF-FF94-4F91-8387-E8CD126EF229}.Debug|Any CPU.ActiveCfg = Debug|Any CPU
		{194930DF-FF94-4F91-8387-E8CD126EF229}.Debug|Any CPU.Build.0 = Debug|Any CPU
		{194930DF-FF94-4F91-8387-E8CD126EF229}.Debug|x64.ActiveCfg = Debug|Any CPU
		{194930DF-FF94-4F91-8387-E8CD126EF229}.Debug|x64.Build.0 = Debug|Any CPU
		{194930DF-FF94-4F91-8387-E8CD126EF229}.Debug|x86.ActiveCfg = Debug|Any CPU
		{194930DF-FF94-4F91-8387-E8CD126EF229}.Debug|x86.Build.0 = Debug|Any CPU
		{194930DF-FF94-4F91-8387-E8CD126EF229}.Release|Any CPU.ActiveCfg = Release|Any CPU
		{194930DF-FF94-4F91-8387-E8CD126EF229}.Release|Any CPU.Build.0 = Release|Any CPU
		{194930DF-FF94-4F91-8387-E8CD126EF229}.Release|x64.ActiveCfg = Release|Any CPU
		{194930DF-FF94-4F91-8387-E8CD126EF229}.Release|x64.Build.0 = Release|Any CPU
		{194930DF-FF94-4F91-8387-E8CD126EF229}.Release|x86.ActiveCfg = Release|Any CPU
		{194930DF-FF94-4F91-8387-E8CD126EF229}.Release|x86.Build.0 = Release|Any CPU
		{90715435-E6BA-4FF9-A2E7-CD120D998A85}.Debug|Any CPU.ActiveCfg = Debug|Any CPU
		{90715435-E6BA-4FF9-A2E7-CD120D998A85}.Debug|Any CPU.Build.0 = Debug|Any CPU
		{90715435-E6BA-4FF9-A2E7-CD120D998A85}.Debug|x64.ActiveCfg = Debug|Any CPU
		{90715435-E6BA-4FF9-A2E7-CD120D998A85}.Debug|x64.Build.0 = Debug|Any CPU
		{90715435-E6BA-4FF9-A2E7-CD120D998A85}.Debug|x86.ActiveCfg = Debug|Any CPU
		{90715435-E6BA-4FF9-A2E7-CD120D998A85}.Debug|x86.Build.0 = Debug|Any CPU
		{90715435-E6BA-4FF9-A2E7-CD120D998A85}.Release|Any CPU.ActiveCfg = Release|Any CPU
		{90715435-E6BA-4FF9-A2E7-CD120D998A85}.Release|Any CPU.Build.0 = Release|Any CPU
		{90715435-E6BA-4FF9-A2E7-CD120D998A85}.Release|x64.ActiveCfg = Release|Any CPU
		{90715435-E6BA-4FF9-A2E7-CD120D998A85}.Release|x64.Build.0 = Release|Any CPU
		{90715435-E6BA-4FF9-A2E7-CD120D998A85}.Release|x86.ActiveCfg = Release|Any CPU
		{90715435-E6BA-4FF9-A2E7-CD120D998A85}.Release|x86.Build.0 = Release|Any CPU
	EndGlobalSection
EndGlobal
